
Microsoft Visual Studio Solution File, Format Version 12.00
# Visual Studio Version 17
VisualStudioVersion = 17.11.35222.181
MinimumVisualStudioVersion = 10.0.40219.1
Project("{9A19103F-16F7-4668-BE54-9A1E7A4F7556}") = "WEB_253503_BARANCHIK.UI", "WEB_253503_BARANCHIK.UI\WEB_253503_BARANCHIK.UI.csproj", "{91067ADE-3C91-4BA8-B718-994C7CE499E5}"
EndProject
Project("{9A19103F-16F7-4668-BE54-9A1E7A4F7556}") = "WEB_253503_BARANCHIK.Domain", "WEB_253503_BARANCHIK.Domain\WEB_253503_BARANCHIK.Domain.csproj", "{D6C54124-6ED7-4250-BB97-F68021DC3D80}"
EndProject
Project("{9A19103F-16F7-4668-BE54-9A1E7A4F7556}") = "WEB_253503_Baranchik.API", "WEB_253503_Baranchik.API\WEB_253503_Baranchik.API.csproj", "{2A1027D9-7819-41FA-978C-F5BFE15862A3}"
EndProject
Project("{9A19103F-16F7-4668-BE54-9A1E7A4F7556}") = "WEB_253503_BARANCHIK.Tests", "WEB_253503_BARANCHIK.Tests\WEB_253503_BARANCHIK.Tests.csproj", "{01CA5504-145D-43B7-BECD-F8669C24058F}"
EndProject
Project("{9A19103F-16F7-4668-BE54-9A1E7A4F7556}") = "WEB_253503_BARANCHIK.Blazor.SSR", "WEB_253503_BARANCHIK.Blazor.SSR\WEB_253503_BARANCHIK.Blazor.SSR.csproj", "{B6912AC7-0189-4080-9FA3-25793C3562A4}"
EndProject
Project("{9A19103F-16F7-4668-BE54-9A1E7A4F7556}") = "WEB_253503_BARANCHIK.BlazorWasm", "WEB_253503_BARANCHIK.BlazorWasm\WEB_253503_BARANCHIK.BlazorWasm.csproj", "{98BFC487-CCD0-49C2-A092-6178EE847B48}"
	ProjectSection(ProjectDependencies) = postProject
		{2A1027D9-7819-41FA-978C-F5BFE15862A3} = {2A1027D9-7819-41FA-978C-F5BFE15862A3}
		{D6C54124-6ED7-4250-BB97-F68021DC3D80} = {D6C54124-6ED7-4250-BB97-F68021DC3D80}
	EndProjectSection
EndProject
Global
	GlobalSection(SolutionConfigurationPlatforms) = preSolution
		Debug|Any CPU = Debug|Any CPU
		Release|Any CPU = Release|Any CPU
	EndGlobalSection
	GlobalSection(ProjectConfigurationPlatforms) = postSolution
		{91067ADE-3C91-4BA8-B718-994C7CE499E5}.Debug|Any CPU.ActiveCfg = Debug|Any CPU
		{91067ADE-3C91-4BA8-B718-994C7CE499E5}.Debug|Any CPU.Build.0 = Debug|Any CPU
		{91067ADE-3C91-4BA8-B718-994C7CE499E5}.Release|Any CPU.ActiveCfg = Release|Any CPU
		{91067ADE-3C91-4BA8-B718-994C7CE499E5}.Release|Any CPU.Build.0 = Release|Any CPU
		{D6C54124-6ED7-4250-BB97-F68021DC3D80}.Debug|Any CPU.ActiveCfg = Debug|Any CPU
		{D6C54124-6ED7-4250-BB97-F68021DC3D80}.Debug|Any CPU.Build.0 = Debug|Any CPU
		{D6C54124-6ED7-4250-BB97-F68021DC3D80}.Release|Any CPU.ActiveCfg = Release|Any CPU
		{D6C54124-6ED7-4250-BB97-F68021DC3D80}.Release|Any CPU.Build.0 = Release|Any CPU
		{2A1027D9-7819-41FA-978C-F5BFE15862A3}.Debug|Any CPU.ActiveCfg = Debug|Any CPU
		{2A1027D9-7819-41FA-978C-F5BFE15862A3}.Debug|Any CPU.Build.0 = Debug|Any CPU
		{2A1027D9-7819-41FA-978C-F5BFE15862A3}.Release|Any CPU.ActiveCfg = Release|Any CPU
		{2A1027D9-7819-41FA-978C-F5BFE15862A3}.Release|Any CPU.Build.0 = Release|Any CPU
		{01CA5504-145D-43B7-BECD-F8669C24058F}.Debug|Any CPU.ActiveCfg = Debug|Any CPU
		{01CA5504-145D-43B7-BECD-F8669C24058F}.Debug|Any CPU.Build.0 = Debug|Any CPU
		{01CA5504-145D-43B7-BECD-F8669C24058F}.Release|Any CPU.ActiveCfg = Release|Any CPU
		{01CA5504-145D-43B7-BECD-F8669C24058F}.Release|Any CPU.Build.0 = Release|Any CPU
		{B6912AC7-0189-4080-9FA3-25793C3562A4}.Debug|Any CPU.ActiveCfg = Debug|Any CPU
		{B6912AC7-0189-4080-9FA3-25793C3562A4}.Debug|Any CPU.Build.0 = Debug|Any CPU
		{B6912AC7-0189-4080-9FA3-25793C3562A4}.Release|Any CPU.ActiveCfg = Release|Any CPU
		{B6912AC7-0189-4080-9FA3-25793C3562A4}.Release|Any CPU.Build.0 = Release|Any CPU
		{98BFC487-CCD0-49C2-A092-6178EE847B48}.Debug|Any CPU.ActiveCfg = Debug|Any CPU
		{98BFC487-CCD0-49C2-A092-6178EE847B48}.Debug|Any CPU.Build.0 = Debug|Any CPU
		{98BFC487-CCD0-49C2-A092-6178EE847B48}.Release|Any CPU.ActiveCfg = Release|Any CPU
		{98BFC487-CCD0-49C2-A092-6178EE847B48}.Release|Any CPU.Build.0 = Release|Any CPU
	EndGlobalSection
	GlobalSection(SolutionProperties) = preSolution
		HideSolutionNode = FALSE
	EndGlobalSection
	GlobalSection(ExtensibilityGlobals) = postSolution
		SolutionGuid = {E591599F-4B59-4683-9E45-22867B5052C7}
	EndGlobalSection
EndGlobal
